
Microsoft Visual Studio Solution File, Format Version 12.00
# Visual Studio 2013
VisualStudioVersion = 12.0.31101.0
MinimumVisualStudioVersion = 10.0.40219.1
Project("{2150E333-8FDC-42A3-9474-1A3956D46DE8}") = "src", "src", "{B4DA8763-00F2-49D9-8469-B32AE26D2935}"
EndProject
Project("{F2A71F9B-5D33-465A-A702-920D77279786}") = "Toml.FSharp", "src\Toml.FSharp\Toml.FSharp.fsproj", "{99553970-F316-4211-BA6C-2B240534660D}"
EndProject
Project("{2150E333-8FDC-42A3-9474-1A3956D46DE8}") = "tests", "tests", "{40B2FAE9-A155-4E89-BBF3-AC0F8513E426}"
EndProject
Project("{F2A71F9B-5D33-465A-A702-920D77279786}") = "Toml.FSharp.Tests", "tests\Toml.FSharp.Tests\Toml.FSharp.Tests.fsproj", "{FE412306-7722-4B66-BD48-69AC9EB2D858}"
EndProject
Global
	GlobalSection(SolutionProperties) = preSolution
		HideSolutionNode = FALSE
	EndGlobalSection
	GlobalSection(SolutionConfigurationPlatforms) = preSolution
		Debug|Any CPU = Debug|Any CPU
		Debug|x64 = Debug|x64
		Debug|x86 = Debug|x86
		Release|Any CPU = Release|Any CPU
		Release|x64 = Release|x64
		Release|x86 = Release|x86
	EndGlobalSection
	GlobalSection(ProjectConfigurationPlatforms) = postSolution
		{99553970-F316-4211-BA6C-2B240534660D}.Debug|Any CPU.ActiveCfg = Debug|Any CPU
		{99553970-F316-4211-BA6C-2B240534660D}.Debug|Any CPU.Build.0 = Debug|Any CPU
		{99553970-F316-4211-BA6C-2B240534660D}.Debug|x64.ActiveCfg = Debug|Any CPU
		{99553970-F316-4211-BA6C-2B240534660D}.Debug|x64.Build.0 = Debug|Any CPU
		{99553970-F316-4211-BA6C-2B240534660D}.Debug|x86.ActiveCfg = Debug|Any CPU
		{99553970-F316-4211-BA6C-2B240534660D}.Debug|x86.Build.0 = Debug|Any CPU
		{99553970-F316-4211-BA6C-2B240534660D}.Release|Any CPU.ActiveCfg = Release|Any CPU
		{99553970-F316-4211-BA6C-2B240534660D}.Release|Any CPU.Build.0 = Release|Any CPU
		{99553970-F316-4211-BA6C-2B240534660D}.Release|x64.ActiveCfg = Release|Any CPU
		{99553970-F316-4211-BA6C-2B240534660D}.Release|x64.Build.0 = Release|Any CPU
		{99553970-F316-4211-BA6C-2B240534660D}.Release|x86.ActiveCfg = Release|Any CPU
		{99553970-F316-4211-BA6C-2B240534660D}.Release|x86.Build.0 = Release|Any CPU
		{FE412306-7722-4B66-BD48-69AC9EB2D858}.Debug|Any CPU.ActiveCfg = Debug|Any CPU
		{FE412306-7722-4B66-BD48-69AC9EB2D858}.Debug|Any CPU.Build.0 = Debug|Any CPU
		{FE412306-7722-4B66-BD48-69AC9EB2D858}.Debug|x64.ActiveCfg = Debug|Any CPU
		{FE412306-7722-4B66-BD48-69AC9EB2D858}.Debug|x64.Build.0 = Debug|Any CPU
		{FE412306-7722-4B66-BD48-69AC9EB2D858}.Debug|x86.ActiveCfg = Debug|Any CPU
		{FE412306-7722-4B66-BD48-69AC9EB2D858}.Debug|x86.Build.0 = Debug|Any CPU
		{FE412306-7722-4B66-BD48-69AC9EB2D858}.Release|Any CPU.ActiveCfg = Release|Any CPU
		{FE412306-7722-4B66-BD48-69AC9EB2D858}.Release|Any CPU.Build.0 = Release|Any CPU
		{FE412306-7722-4B66-BD48-69AC9EB2D858}.Release|x64.ActiveCfg = Release|Any CPU
		{FE412306-7722-4B66-BD48-69AC9EB2D858}.Release|x64.Build.0 = Release|Any CPU
		{FE412306-7722-4B66-BD48-69AC9EB2D858}.Release|x86.ActiveCfg = Release|Any CPU
		{FE412306-7722-4B66-BD48-69AC9EB2D858}.Release|x86.Build.0 = Release|Any CPU
	EndGlobalSection
	GlobalSection(NestedProjects) = preSolution
		{99553970-F316-4211-BA6C-2B240534660D} = {B4DA8763-00F2-49D9-8469-B32AE26D2935}
		{FE412306-7722-4B66-BD48-69AC9EB2D858} = {40B2FAE9-A155-4E89-BBF3-AC0F8513E426}
	EndGlobalSection
EndGlobal
